
Microsoft Visual Studio Solution File, Format Version 12.00
# Visual Studio 15
VisualStudioVersion = 15.0.28307.572
MinimumVisualStudioVersion = 10.0.40219.1
Project("{888888A0-9F3D-457C-B088-3A5042F75D52}") = "pop_projection", "pop_projection.pyproj", "{91B2309F-5AFF-456A-8135-F0845499021C}"
EndProject
Global
	GlobalSection(SolutionConfigurationPlatforms) = preSolution
		Debug|Any CPU = Debug|Any CPU
		Release|Any CPU = Release|Any CPU
	EndGlobalSection
	GlobalSection(ProjectConfigurationPlatforms) = postSolution
		{91B2309F-5AFF-456A-8135-F0845499021C}.Debug|Any CPU.ActiveCfg = Debug|Any CPU
		{91B2309F-5AFF-456A-8135-F0845499021C}.Release|Any CPU.ActiveCfg = Release|Any CPU
	EndGlobalSection
	GlobalSection(SolutionProperties) = preSolution
		HideSolutionNode = FALSE
	EndGlobalSection
	GlobalSection(ExtensibilityGlobals) = postSolution
		SolutionGuid = {47502DFE-ECFB-4B7F-84B2-564311720FE7}
	EndGlobalSection
EndGlobal
